
Microsoft Visual Studio Solution File, Format Version 12.00
# Visual Studio Version 17
VisualStudioVersion = 17.1.32120.378
MinimumVisualStudioVersion = 10.0.40219.1
Project("{9A19103F-16F7-4668-BE54-9A1E7A4F7556}") = "CleanLib.Common", "CleanLib\CleanLib.Common.csproj", "{43D1E51C-3A3B-4803-AA70-5E1E6E8D726D}"
EndProject
Project("{9A19103F-16F7-4668-BE54-9A1E7A4F7556}") = "CleanLibTests", "CleanLibTests\CleanLibTests.csproj", "{D5855E2D-8C63-4403-B25E-BA19450F2176}"
EndProject
Project("{9A19103F-16F7-4668-BE54-9A1E7A4F7556}") = "CleanLib.Database.MySQL", "CleanLib.Database.MySQL\CleanLib.Database.MySQL.csproj", "{5E49DE88-9B68-4182-A85F-084E2E16092A}"
EndProject
Project("{9A19103F-16F7-4668-BE54-9A1E7A4F7556}") = "CleanLib.Database", "CleanLib.Database\CleanLib.Database.csproj", "{7842F1EF-FA7B-40CB-B7C9-18A62842FDE1}"
EndProject
Project("{FAE04EC0-301F-11D3-BF4B-00C04F79EFBC}") = "CleanLib.WPF", "CleanLib.WPF\CleanLib.WPF.csproj", "{E06DBD46-8CF4-4134-9758-B3F49DE7AABA}"
EndProject
Global
	GlobalSection(SolutionConfigurationPlatforms) = preSolution
		Debug|Any CPU = Debug|Any CPU
		Release|Any CPU = Release|Any CPU
	EndGlobalSection
	GlobalSection(ProjectConfigurationPlatforms) = postSolution
		{43D1E51C-3A3B-4803-AA70-5E1E6E8D726D}.Debug|Any CPU.ActiveCfg = Debug|Any CPU
		{43D1E51C-3A3B-4803-AA70-5E1E6E8D726D}.Debug|Any CPU.Build.0 = Debug|Any CPU
		{43D1E51C-3A3B-4803-AA70-5E1E6E8D726D}.Release|Any CPU.ActiveCfg = Release|Any CPU
		{43D1E51C-3A3B-4803-AA70-5E1E6E8D726D}.Release|Any CPU.Build.0 = Release|Any CPU
		{D5855E2D-8C63-4403-B25E-BA19450F2176}.Debug|Any CPU.ActiveCfg = Debug|Any CPU
		{D5855E2D-8C63-4403-B25E-BA19450F2176}.Debug|Any CPU.Build.0 = Debug|Any CPU
		{D5855E2D-8C63-4403-B25E-BA19450F2176}.Release|Any CPU.ActiveCfg = Release|Any CPU
		{D5855E2D-8C63-4403-B25E-BA19450F2176}.Release|Any CPU.Build.0 = Release|Any CPU
		{5E49DE88-9B68-4182-A85F-084E2E16092A}.Debug|Any CPU.ActiveCfg = Debug|Any CPU
		{5E49DE88-9B68-4182-A85F-084E2E16092A}.Debug|Any CPU.Build.0 = Debug|Any CPU
		{5E49DE88-9B68-4182-A85F-084E2E16092A}.Release|Any CPU.ActiveCfg = Release|Any CPU
		{5E49DE88-9B68-4182-A85F-084E2E16092A}.Release|Any CPU.Build.0 = Release|Any CPU
		{7842F1EF-FA7B-40CB-B7C9-18A62842FDE1}.Debug|Any CPU.ActiveCfg = Debug|Any CPU
		{7842F1EF-FA7B-40CB-B7C9-18A62842FDE1}.Debug|Any CPU.Build.0 = Debug|Any CPU
		{7842F1EF-FA7B-40CB-B7C9-18A62842FDE1}.Release|Any CPU.ActiveCfg = Release|Any CPU
		{7842F1EF-FA7B-40CB-B7C9-18A62842FDE1}.Release|Any CPU.Build.0 = Release|Any CPU
		{E06DBD46-8CF4-4134-9758-B3F49DE7AABA}.Debug|Any CPU.ActiveCfg = Debug|Any CPU
		{E06DBD46-8CF4-4134-9758-B3F49DE7AABA}.Debug|Any CPU.Build.0 = Debug|Any CPU
		{E06DBD46-8CF4-4134-9758-B3F49DE7AABA}.Release|Any CPU.ActiveCfg = Release|Any CPU
		{E06DBD46-8CF4-4134-9758-B3F49DE7AABA}.Release|Any CPU.Build.0 = Release|Any CPU
	EndGlobalSection
	GlobalSection(SolutionProperties) = preSolution
		HideSolutionNode = FALSE
	EndGlobalSection
	GlobalSection(ExtensibilityGlobals) = postSolution
		SolutionGuid = {C2E6E271-DD5E-4011-8013-0DBA5A73521B}
	EndGlobalSection
EndGlobal
